
Microsoft Visual Studio Solution File, Format Version 12.00
# Visual Studio 2012
Project("{FAE04EC0-301F-11D3-BF4B-00C04F79EFBC}") = "E-ShopDomainModel", "E-ShopDomainModel\E-ShopDomainModel.csproj", "{B3ED8CB2-5A93-4547-8946-DA0FAAF14075}"
EndProject
Project("{FAE04EC0-301F-11D3-BF4B-00C04F79EFBC}") = "E-ShopDomainModel.Tests", "E-ShopDomainModel.Tests\E-ShopDomainModel.Tests.csproj", "{CAF3E856-DABA-457B-A6AA-6745EE0FF274}"
EndProject
Global
	GlobalSection(SolutionConfigurationPlatforms) = preSolution
		Debug|Any CPU = Debug|Any CPU
		Release|Any CPU = Release|Any CPU
	EndGlobalSection
	GlobalSection(ProjectConfigurationPlatforms) = postSolution
		{B3ED8CB2-5A93-4547-8946-DA0FAAF14075}.Debug|Any CPU.ActiveCfg = Debug|Any CPU
		{B3ED8CB2-5A93-4547-8946-DA0FAAF14075}.Debug|Any CPU.Build.0 = Debug|Any CPU
		{B3ED8CB2-5A93-4547-8946-DA0FAAF14075}.Release|Any CPU.ActiveCfg = Release|Any CPU
		{B3ED8CB2-5A93-4547-8946-DA0FAAF14075}.Release|Any CPU.Build.0 = Release|Any CPU
		{CAF3E856-DABA-457B-A6AA-6745EE0FF274}.Debug|Any CPU.ActiveCfg = Debug|Any CPU
		{CAF3E856-DABA-457B-A6AA-6745EE0FF274}.Debug|Any CPU.Build.0 = Debug|Any CPU
		{CAF3E856-DABA-457B-A6AA-6745EE0FF274}.Release|Any CPU.ActiveCfg = Release|Any CPU
		{CAF3E856-DABA-457B-A6AA-6745EE0FF274}.Release|Any CPU.Build.0 = Release|Any CPU
	EndGlobalSection
	GlobalSection(SolutionProperties) = preSolution
		HideSolutionNode = FALSE
	EndGlobalSection
EndGlobal
